
Microsoft Visual Studio Solution File, Format Version 12.00
# Visual Studio Version 17
VisualStudioVersion = 17.13.35825.156 d17.13
MinimumVisualStudioVersion = 10.0.40219.1
Project("{FAE04EC0-301F-11D3-BF4B-00C04F79EFBC}") = "Practica 10 For While Do", "Practica 10 For While Do.csproj", "{EC9E53D6-EDB8-448D-8299-F32A1FF57465}"
EndProject
Global
	GlobalSection(SolutionConfigurationPlatforms) = preSolution
		Debug|Any CPU = Debug|Any CPU
		Release|Any CPU = Release|Any CPU
	EndGlobalSection
	GlobalSection(ProjectConfigurationPlatforms) = postSolution
		{EC9E53D6-EDB8-448D-8299-F32A1FF57465}.Debug|Any CPU.ActiveCfg = Debug|Any CPU
		{EC9E53D6-EDB8-448D-8299-F32A1FF57465}.Debug|Any CPU.Build.0 = Debug|Any CPU
		{EC9E53D6-EDB8-448D-8299-F32A1FF57465}.Release|Any CPU.ActiveCfg = Release|Any CPU
		{EC9E53D6-EDB8-448D-8299-F32A1FF57465}.Release|Any CPU.Build.0 = Release|Any CPU
	EndGlobalSection
	GlobalSection(SolutionProperties) = preSolution
		HideSolutionNode = FALSE
	EndGlobalSection
	GlobalSection(ExtensibilityGlobals) = postSolution
		SolutionGuid = {75516404-9D95-44D6-A606-D52BEE388655}
	EndGlobalSection
EndGlobal
