
Microsoft Visual Studio Solution File, Format Version 12.00
# Visual Studio Version 17
VisualStudioVersion = 17.13.35825.156 d17.13
MinimumVisualStudioVersion = 10.0.40219.1
Project("{FAE04EC0-301F-11D3-BF4B-00C04F79EFBC}") = "Practica 16 For While Do", "Practica 16 For While Do.csproj", "{A8D78D44-7285-47B3-96CC-B14FCED90ADB}"
EndProject
Global
	GlobalSection(SolutionConfigurationPlatforms) = preSolution
		Debug|Any CPU = Debug|Any CPU
		Release|Any CPU = Release|Any CPU
	EndGlobalSection
	GlobalSection(ProjectConfigurationPlatforms) = postSolution
		{A8D78D44-7285-47B3-96CC-B14FCED90ADB}.Debug|Any CPU.ActiveCfg = Debug|Any CPU
		{A8D78D44-7285-47B3-96CC-B14FCED90ADB}.Debug|Any CPU.Build.0 = Debug|Any CPU
		{A8D78D44-7285-47B3-96CC-B14FCED90ADB}.Release|Any CPU.ActiveCfg = Release|Any CPU
		{A8D78D44-7285-47B3-96CC-B14FCED90ADB}.Release|Any CPU.Build.0 = Release|Any CPU
	EndGlobalSection
	GlobalSection(SolutionProperties) = preSolution
		HideSolutionNode = FALSE
	EndGlobalSection
	GlobalSection(ExtensibilityGlobals) = postSolution
		SolutionGuid = {A66A49E2-DE4B-4DE2-988F-79B8B64FEBBF}
	EndGlobalSection
EndGlobal
