
Microsoft Visual Studio Solution File, Format Version 12.00
# Visual Studio Version 17
VisualStudioVersion = 17.13.35825.156 d17.13
MinimumVisualStudioVersion = 10.0.40219.1
Project("{FAE04EC0-301F-11D3-BF4B-00C04F79EFBC}") = "Practica 13 For While Do", "Practica 13 For While Do.csproj", "{400291DC-AA03-41CB-BC08-9983C1E4B042}"
EndProject
Global
	GlobalSection(SolutionConfigurationPlatforms) = preSolution
		Debug|Any CPU = Debug|Any CPU
		Release|Any CPU = Release|Any CPU
	EndGlobalSection
	GlobalSection(ProjectConfigurationPlatforms) = postSolution
		{400291DC-AA03-41CB-BC08-9983C1E4B042}.Debug|Any CPU.ActiveCfg = Debug|Any CPU
		{400291DC-AA03-41CB-BC08-9983C1E4B042}.Debug|Any CPU.Build.0 = Debug|Any CPU
		{400291DC-AA03-41CB-BC08-9983C1E4B042}.Release|Any CPU.ActiveCfg = Release|Any CPU
		{400291DC-AA03-41CB-BC08-9983C1E4B042}.Release|Any CPU.Build.0 = Release|Any CPU
	EndGlobalSection
	GlobalSection(SolutionProperties) = preSolution
		HideSolutionNode = FALSE
	EndGlobalSection
	GlobalSection(ExtensibilityGlobals) = postSolution
		SolutionGuid = {548FD0F3-D255-434D-AF6C-AE8337BD09FF}
	EndGlobalSection
EndGlobal
