
Microsoft Visual Studio Solution File, Format Version 12.00
# Visual Studio Version 17
VisualStudioVersion = 17.13.35825.156 d17.13
MinimumVisualStudioVersion = 10.0.40219.1
Project("{FAE04EC0-301F-11D3-BF4B-00C04F79EFBC}") = "Practica 12 For while Do", "Practica 12 For while Do.csproj", "{C296B54F-080D-475C-92B6-B240A48F26F2}"
EndProject
Global
	GlobalSection(SolutionConfigurationPlatforms) = preSolution
		Debug|Any CPU = Debug|Any CPU
		Release|Any CPU = Release|Any CPU
	EndGlobalSection
	GlobalSection(ProjectConfigurationPlatforms) = postSolution
		{C296B54F-080D-475C-92B6-B240A48F26F2}.Debug|Any CPU.ActiveCfg = Debug|Any CPU
		{C296B54F-080D-475C-92B6-B240A48F26F2}.Debug|Any CPU.Build.0 = Debug|Any CPU
		{C296B54F-080D-475C-92B6-B240A48F26F2}.Release|Any CPU.ActiveCfg = Release|Any CPU
		{C296B54F-080D-475C-92B6-B240A48F26F2}.Release|Any CPU.Build.0 = Release|Any CPU
	EndGlobalSection
	GlobalSection(SolutionProperties) = preSolution
		HideSolutionNode = FALSE
	EndGlobalSection
	GlobalSection(ExtensibilityGlobals) = postSolution
		SolutionGuid = {5E44E49A-8E42-4820-9B3F-8CF51C554C89}
	EndGlobalSection
EndGlobal
