
Microsoft Visual Studio Solution File, Format Version 12.00
# Visual Studio Version 17
VisualStudioVersion = 17.13.35825.156 d17.13
MinimumVisualStudioVersion = 10.0.40219.1
Project("{FAE04EC0-301F-11D3-BF4B-00C04F79EFBC}") = "Practica 1", "Practica 1.csproj", "{9637A8B2-FBA8-4B69-9C0F-D2311250605F}"
EndProject
Global
	GlobalSection(SolutionConfigurationPlatforms) = preSolution
		Debug|Any CPU = Debug|Any CPU
		Release|Any CPU = Release|Any CPU
	EndGlobalSection
	GlobalSection(ProjectConfigurationPlatforms) = postSolution
		{9637A8B2-FBA8-4B69-9C0F-D2311250605F}.Debug|Any CPU.ActiveCfg = Debug|Any CPU
		{9637A8B2-FBA8-4B69-9C0F-D2311250605F}.Debug|Any CPU.Build.0 = Debug|Any CPU
		{9637A8B2-FBA8-4B69-9C0F-D2311250605F}.Release|Any CPU.ActiveCfg = Release|Any CPU
		{9637A8B2-FBA8-4B69-9C0F-D2311250605F}.Release|Any CPU.Build.0 = Release|Any CPU
	EndGlobalSection
	GlobalSection(SolutionProperties) = preSolution
		HideSolutionNode = FALSE
	EndGlobalSection
	GlobalSection(ExtensibilityGlobals) = postSolution
		SolutionGuid = {BBB649DB-8305-476E-AB81-70730097993E}
	EndGlobalSection
EndGlobal
