
Microsoft Visual Studio Solution File, Format Version 12.00
# Visual Studio Version 17
VisualStudioVersion = 17.13.35825.156 d17.13
MinimumVisualStudioVersion = 10.0.40219.1
Project("{FAE04EC0-301F-11D3-BF4B-00C04F79EFBC}") = "Practica 15 Estructura selectiva", "Practica 15 Estructura selectiva.csproj", "{C9A115B7-64B2-4E3A-AD48-0AA862C96530}"
EndProject
Global
	GlobalSection(SolutionConfigurationPlatforms) = preSolution
		Debug|Any CPU = Debug|Any CPU
		Release|Any CPU = Release|Any CPU
	EndGlobalSection
	GlobalSection(ProjectConfigurationPlatforms) = postSolution
		{C9A115B7-64B2-4E3A-AD48-0AA862C96530}.Debug|Any CPU.ActiveCfg = Debug|Any CPU
		{C9A115B7-64B2-4E3A-AD48-0AA862C96530}.Debug|Any CPU.Build.0 = Debug|Any CPU
		{C9A115B7-64B2-4E3A-AD48-0AA862C96530}.Release|Any CPU.ActiveCfg = Release|Any CPU
		{C9A115B7-64B2-4E3A-AD48-0AA862C96530}.Release|Any CPU.Build.0 = Release|Any CPU
	EndGlobalSection
	GlobalSection(SolutionProperties) = preSolution
		HideSolutionNode = FALSE
	EndGlobalSection
	GlobalSection(ExtensibilityGlobals) = postSolution
		SolutionGuid = {E98BE08D-E763-4F98-B471-5E4A4FCC7A8F}
	EndGlobalSection
EndGlobal
