
Microsoft Visual Studio Solution File, Format Version 12.00
# Visual Studio Version 17
VisualStudioVersion = 17.13.35825.156 d17.13
MinimumVisualStudioVersion = 10.0.40219.1
Project("{FAE04EC0-301F-11D3-BF4B-00C04F79EFBC}") = "Practica 8 For While Do", "Practica 8 For While Do.csproj", "{F01E11B9-DC95-4F57-90E1-686E0B18A95E}"
EndProject
Global
	GlobalSection(SolutionConfigurationPlatforms) = preSolution
		Debug|Any CPU = Debug|Any CPU
		Release|Any CPU = Release|Any CPU
	EndGlobalSection
	GlobalSection(ProjectConfigurationPlatforms) = postSolution
		{F01E11B9-DC95-4F57-90E1-686E0B18A95E}.Debug|Any CPU.ActiveCfg = Debug|Any CPU
		{F01E11B9-DC95-4F57-90E1-686E0B18A95E}.Debug|Any CPU.Build.0 = Debug|Any CPU
		{F01E11B9-DC95-4F57-90E1-686E0B18A95E}.Release|Any CPU.ActiveCfg = Release|Any CPU
		{F01E11B9-DC95-4F57-90E1-686E0B18A95E}.Release|Any CPU.Build.0 = Release|Any CPU
	EndGlobalSection
	GlobalSection(SolutionProperties) = preSolution
		HideSolutionNode = FALSE
	EndGlobalSection
	GlobalSection(ExtensibilityGlobals) = postSolution
		SolutionGuid = {845ACBDF-AD76-494E-9EC6-168037474ECD}
	EndGlobalSection
EndGlobal
